
Microsoft Visual Studio Solution File, Format Version 12.00
# Visual Studio Version 17
VisualStudioVersion = 17.6.33815.320
MinimumVisualStudioVersion = 10.0.40219.1
Project("{9A19103F-16F7-4668-BE54-9A1E7A4F7556}") = "Wenku8Viewer", "Wenku8Viewer\Wenku8Viewer.csproj", "{9DE4BBF0-9691-4E83-A807-3B939E7961F9}"
EndProject
Project("{9A19103F-16F7-4668-BE54-9A1E7A4F7556}") = "Wenku8Viewer.Desktop", "Wenku8Viewer.Desktop\Wenku8Viewer.Desktop.csproj", "{2032989B-6149-474E-9E2E-DFCBBE3FE1C3}"
EndProject
Project("{9A19103F-16F7-4668-BE54-9A1E7A4F7556}") = "Wenku8Viewer.Android", "Wenku8Viewer.Android\Wenku8Viewer.Android.csproj", "{EC6CEA40-E7DA-4C30-9BC6-73D87D686BC1}"
EndProject
Project("{9A19103F-16F7-4668-BE54-9A1E7A4F7556}") = "Wenku8Viewer.Browser", "Wenku8Viewer.Browser\Wenku8Viewer.Browser.csproj", "{7B4CBCBA-1611-47B6-A2DE-0BFBE950217D}"
EndProject
Global
	GlobalSection(SolutionConfigurationPlatforms) = preSolution
		Debug|Any CPU = Debug|Any CPU
		Release|Any CPU = Release|Any CPU
	EndGlobalSection
	GlobalSection(ProjectConfigurationPlatforms) = postSolution
		{9DE4BBF0-9691-4E83-A807-3B939E7961F9}.Debug|Any CPU.ActiveCfg = Debug|Any CPU
		{9DE4BBF0-9691-4E83-A807-3B939E7961F9}.Debug|Any CPU.Build.0 = Debug|Any CPU
		{9DE4BBF0-9691-4E83-A807-3B939E7961F9}.Release|Any CPU.ActiveCfg = Release|Any CPU
		{9DE4BBF0-9691-4E83-A807-3B939E7961F9}.Release|Any CPU.Build.0 = Release|Any CPU
		{2032989B-6149-474E-9E2E-DFCBBE3FE1C3}.Debug|Any CPU.ActiveCfg = Debug|Any CPU
		{2032989B-6149-474E-9E2E-DFCBBE3FE1C3}.Debug|Any CPU.Build.0 = Debug|Any CPU
		{2032989B-6149-474E-9E2E-DFCBBE3FE1C3}.Release|Any CPU.ActiveCfg = Release|Any CPU
		{2032989B-6149-474E-9E2E-DFCBBE3FE1C3}.Release|Any CPU.Build.0 = Release|Any CPU
		{EC6CEA40-E7DA-4C30-9BC6-73D87D686BC1}.Debug|Any CPU.ActiveCfg = Debug|Any CPU
		{EC6CEA40-E7DA-4C30-9BC6-73D87D686BC1}.Debug|Any CPU.Build.0 = Debug|Any CPU
		{EC6CEA40-E7DA-4C30-9BC6-73D87D686BC1}.Debug|Any CPU.Deploy.0 = Debug|Any CPU
		{EC6CEA40-E7DA-4C30-9BC6-73D87D686BC1}.Release|Any CPU.ActiveCfg = Release|Any CPU
		{EC6CEA40-E7DA-4C30-9BC6-73D87D686BC1}.Release|Any CPU.Build.0 = Release|Any CPU
		{EC6CEA40-E7DA-4C30-9BC6-73D87D686BC1}.Release|Any CPU.Deploy.0 = Release|Any CPU
		{7B4CBCBA-1611-47B6-A2DE-0BFBE950217D}.Debug|Any CPU.ActiveCfg = Debug|Any CPU
		{7B4CBCBA-1611-47B6-A2DE-0BFBE950217D}.Debug|Any CPU.Build.0 = Debug|Any CPU
		{7B4CBCBA-1611-47B6-A2DE-0BFBE950217D}.Release|Any CPU.ActiveCfg = Release|Any CPU
		{7B4CBCBA-1611-47B6-A2DE-0BFBE950217D}.Release|Any CPU.Build.0 = Release|Any CPU
	EndGlobalSection
	GlobalSection(SolutionProperties) = preSolution
		HideSolutionNode = FALSE
	EndGlobalSection
	GlobalSection(ExtensibilityGlobals) = postSolution
		SolutionGuid = {EC24EE81-60B3-42D6-8AAC-709882DDFB73}
	EndGlobalSection
EndGlobal
